<?xml version="1.0" encoding="utf-8"?>
<Project ToolsVersion="4.0" xmlns="http://schemas.microsoft.com/developer/msbuild/2003">
  <ItemGroup>
    <Filter Include="Characters">
      <UniqueIdentifier>{7EF56346-65F4-EB4E-9ED3-66CDF62E5222}</UniqueIdentifier>
    </Filter>
    <Filter Include="Client">
      <UniqueIdentifier>{6F4F7D45-6C62-F149-9CC8-9D643F9672B9}</UniqueIdentifier>
    </Filter>
    <Filter Include="Events">
      <UniqueIdentifier>{3A1894AE-81D5-7C43-B158-681A669A0DFB}</UniqueIdentifier>
    </Filter>
    <Filter Include="Tank">
      <UniqueIdentifier>{F9614E37-72E7-7A45-94E1-BEA295CE651A}</UniqueIdentifier>
    </Filter>
  </ItemGroup>
  <ItemGroup>
    <ClInclude Include="CharacterControlContext.h" />
    <ClInclude Include="ClientCharacterControlGame.h" />
    <ClInclude Include="ClientGameObjectManagerAddon.h" />
    <ClInclude Include="GameObjectMangerAddon.h" />
    <ClInclude Include="GlobalRegistry.h" />
    <ClInclude Include="ServerCharacterControlGame.h" />
    <ClInclude Include="ServerGameObjectManagerAddon.h" />
    <ClInclude Include="test.h" />
    <ClInclude Include="testfunc_c_stdcall.h" />
    <ClInclude Include="WayPoint.h" />
    <ClInclude Include="Characters\Flyer.h">
      <Filter>Characters</Filter>
    </ClInclude>
    <ClInclude Include="Characters\SoldierNPC.h">
      <Filter>Characters</Filter>
    </ClInclude>
    <ClInclude Include="Characters\SoldierNPCAnimationSM.h">
      <Filter>Characters</Filter>
    </ClInclude>
    <ClInclude Include="Characters\SoldierNPCBehaviorSM.h">
      <Filter>Characters</Filter>
    </ClInclude>
    <ClInclude Include="Characters\SoldierNPCMovementSM.h">
      <Filter>Characters</Filter>
    </ClInclude>
    <ClInclude Include="Client\ClientSpaceShip.h">
      <Filter>Client</Filter>
    </ClInclude>
    <ClInclude Include="Client\ClientSpaceShipControls.h">
      <Filter>Client</Filter>
    </ClInclude>
    <ClInclude Include="Events\Events.h">
      <Filter>Events</Filter>
    </ClInclude>
    <ClInclude Include="Tank\ClientTank.h">
      <Filter>Tank</Filter>
    </ClInclude>
    <ClInclude Include="A6character.h">
      <Filter>Characters</Filter>
    </ClInclude>
    <ClInclude Include="A6cAnimationSM.h">
      <Filter>Characters</Filter>
    </ClInclude>
    <ClInclude Include="A6cMovementSM.h">
      <Filter>Characters</Filter>
    </ClInclude>
  </ItemGroup>
  <ItemGroup>
    <ClCompile Include="ClientCharacterControlGame.cpp" />
    <ClCompile Include="ClientGameObjectManagerAddon.cpp" />
    <ClCompile Include="GameObjectManagerAddon.cpp" />
    <ClCompile Include="GlobalRegistry.cpp" />
    <ClCompile Include="main.cpp" />
    <ClCompile Include="ServerCharacterControlGame.cpp" />
    <ClCompile Include="ServerGameObjectManagerAddon.cpp" />
    <ClCompile Include="WayPoint.cpp" />
    <ClCompile Include="Characters\Flyer.cpp">
      <Filter>Characters</Filter>
    </ClCompile>
    <ClCompile Include="Characters\SoldierNPC.cpp">
      <Filter>Characters</Filter>
    </ClCompile>
    <ClCompile Include="Characters\SoldierNPCAnimationSM.cpp">
      <Filter>Characters</Filter>
    </ClCompile>
    <ClCompile Include="Characters\SoldierNPCBehaviorSM.cpp">
      <Filter>Characters</Filter>
    </ClCompile>
    <ClCompile Include="Characters\SoldierNPCMovementSM.cpp">
      <Filter>Characters</Filter>
    </ClCompile>
    <ClCompile Include="Client\ClientSpaceShip.cpp">
      <Filter>Client</Filter>
    </ClCompile>
    <ClCompile Include="Client\ClientSpaceShipControls.cpp">
      <Filter>Client</Filter>
    </ClCompile>
    <ClCompile Include="Events\Events.cpp">
      <Filter>Events</Filter>
    </ClCompile>
    <ClCompile Include="Tank\ClientTank.cpp">
      <Filter>Tank</Filter>
    </ClCompile>
    <ClCompile Include="A6character.cpp">
      <Filter>Characters</Filter>
    </ClCompile>
    <ClCompile Include="A6cAnimationSM.cpp">
      <Filter>Characters</Filter>
    </ClCompile>
    <ClCompile Include="A6cMovementSM.cpp">
      <Filter>Characters</Filter>
    </ClCompile>
  </ItemGroup>
  <ItemGroup>
    <MASM Include="test.asm" />
    <MASM Include="testfunc_c_stdcall.asm" />
  </ItemGroup>
</Project>