
Microsoft Visual Studio Solution File, Format Version 11.00
# Visual Studio 2010
Project("{8BC9CEB8-8B4A-11D0-8D11-00A0C91BC942}") = "CharacterControl-win32d3d9", "CharacterControl\CharacterControl-win32d3d9.vcxproj", "{0E923530-A69C-B942-AC08-76536EEDE7E8}"
	ProjectSection(ProjectDependencies) = postProject
		{AD210C59-A43E-4F49-9AAB-955972813A5A} = {AD210C59-A43E-4F49-9AAB-955972813A5A}
		{1EF251D7-A892-F94F-8513-5BC471CE0EB1} = {1EF251D7-A892-F94F-8513-5BC471CE0EB1}
		{8B836160-B139-5840-B4FE-579F0BDD1D11} = {8B836160-B139-5840-B4FE-579F0BDD1D11}
	EndProjectSection
EndProject
Project("{8BC9CEB8-8B4A-11D0-8D11-00A0C91BC942}") = "lua_dist-win32d3d9", "lua_dist\lua_dist-win32d3d9.vcxproj", "{AD210C59-A43E-4F49-9AAB-955972813A5A}"
EndProject
Project("{8BC9CEB8-8B4A-11D0-8D11-00A0C91BC942}") = "luasocket_dist-win32d3d9", "luasocket_dist\luasocket_dist-win32d3d9.vcxproj", "{1EF251D7-A892-F94F-8513-5BC471CE0EB1}"
EndProject
Project("{8BC9CEB8-8B4A-11D0-8D11-00A0C91BC942}") = "PrimeEngine-win32d3d9", "PrimeEngine\PrimeEngine-win32d3d9.vcxproj", "{8B836160-B139-5840-B4FE-579F0BDD1D11}"
EndProject
Global
	GlobalSection(SolutionConfigurationPlatforms) = preSolution
		Debug|Win32 = Debug|Win32
		Release|Win32 = Release|Win32
	EndGlobalSection
	GlobalSection(ProjectConfigurationPlatforms) = postSolution
		{0E923530-A69C-B942-AC08-76536EEDE7E8}.Debug|Win32.ActiveCfg = Debug|Win32
		{0E923530-A69C-B942-AC08-76536EEDE7E8}.Debug|Win32.Build.0 = Debug|Win32
		{0E923530-A69C-B942-AC08-76536EEDE7E8}.Release|Win32.ActiveCfg = Release|Win32
		{0E923530-A69C-B942-AC08-76536EEDE7E8}.Release|Win32.Build.0 = Release|Win32
		{AD210C59-A43E-4F49-9AAB-955972813A5A}.Debug|Win32.ActiveCfg = Debug|Win32
		{AD210C59-A43E-4F49-9AAB-955972813A5A}.Debug|Win32.Build.0 = Debug|Win32
		{AD210C59-A43E-4F49-9AAB-955972813A5A}.Release|Win32.ActiveCfg = Release|Win32
		{AD210C59-A43E-4F49-9AAB-955972813A5A}.Release|Win32.Build.0 = Release|Win32
		{1EF251D7-A892-F94F-8513-5BC471CE0EB1}.Debug|Win32.ActiveCfg = Debug|Win32
		{1EF251D7-A892-F94F-8513-5BC471CE0EB1}.Debug|Win32.Build.0 = Debug|Win32
		{1EF251D7-A892-F94F-8513-5BC471CE0EB1}.Release|Win32.ActiveCfg = Release|Win32
		{1EF251D7-A892-F94F-8513-5BC471CE0EB1}.Release|Win32.Build.0 = Release|Win32
		{8B836160-B139-5840-B4FE-579F0BDD1D11}.Debug|Win32.ActiveCfg = Debug|Win32
		{8B836160-B139-5840-B4FE-579F0BDD1D11}.Debug|Win32.Build.0 = Debug|Win32
		{8B836160-B139-5840-B4FE-579F0BDD1D11}.Release|Win32.ActiveCfg = Release|Win32
		{8B836160-B139-5840-B4FE-579F0BDD1D11}.Release|Win32.Build.0 = Release|Win32
	EndGlobalSection
	GlobalSection(SolutionProperties) = preSolution
		HideSolutionNode = FALSE
	EndGlobalSection
EndGlobal
