
Microsoft Visual Studio Solution File, Format Version 11.00
# Visual Studio 2010
Project("{8BC9CEB8-8B4A-11D0-8D11-00A0C91BC942}") = "CharacterControl-win32d3d9", "CharacterControl\CharacterControl-win32d3d9.vcxproj", "{CF07D904-394C-4246-A004-097ADC3D72D8}"
	ProjectSection(ProjectDependencies) = postProject
		{85A2ACC0-62AA-8342-9EE0-2FB9B0AD0A06} = {85A2ACC0-62AA-8342-9EE0-2FB9B0AD0A06}
		{A9C98785-87F9-794F-86DD-5C05FA83D4AD} = {A9C98785-87F9-794F-86DD-5C05FA83D4AD}
		{BB6EED76-9171-5742-9C1B-03318B4A3FF9} = {BB6EED76-9171-5742-9C1B-03318B4A3FF9}
	EndProjectSection
EndProject
Project("{8BC9CEB8-8B4A-11D0-8D11-00A0C91BC942}") = "lua_dist-win32d3d9", "lua_dist\lua_dist-win32d3d9.vcxproj", "{85A2ACC0-62AA-8342-9EE0-2FB9B0AD0A06}"
EndProject
Project("{8BC9CEB8-8B4A-11D0-8D11-00A0C91BC942}") = "luasocket_dist-win32d3d9", "luasocket_dist\luasocket_dist-win32d3d9.vcxproj", "{A9C98785-87F9-794F-86DD-5C05FA83D4AD}"
EndProject
Project("{8BC9CEB8-8B4A-11D0-8D11-00A0C91BC942}") = "PrimeEngine-win32d3d9", "PrimeEngine\PrimeEngine-win32d3d9.vcxproj", "{BB6EED76-9171-5742-9C1B-03318B4A3FF9}"
EndProject
Global
	GlobalSection(SolutionConfigurationPlatforms) = preSolution
		Debug|Win32 = Debug|Win32
		Release|Win32 = Release|Win32
	EndGlobalSection
	GlobalSection(ProjectConfigurationPlatforms) = postSolution
		{CF07D904-394C-4246-A004-097ADC3D72D8}.Debug|Win32.ActiveCfg = Debug|Win32
		{CF07D904-394C-4246-A004-097ADC3D72D8}.Debug|Win32.Build.0 = Debug|Win32
		{CF07D904-394C-4246-A004-097ADC3D72D8}.Release|Win32.ActiveCfg = Release|Win32
		{CF07D904-394C-4246-A004-097ADC3D72D8}.Release|Win32.Build.0 = Release|Win32
		{85A2ACC0-62AA-8342-9EE0-2FB9B0AD0A06}.Debug|Win32.ActiveCfg = Debug|Win32
		{85A2ACC0-62AA-8342-9EE0-2FB9B0AD0A06}.Debug|Win32.Build.0 = Debug|Win32
		{85A2ACC0-62AA-8342-9EE0-2FB9B0AD0A06}.Release|Win32.ActiveCfg = Release|Win32
		{85A2ACC0-62AA-8342-9EE0-2FB9B0AD0A06}.Release|Win32.Build.0 = Release|Win32
		{A9C98785-87F9-794F-86DD-5C05FA83D4AD}.Debug|Win32.ActiveCfg = Debug|Win32
		{A9C98785-87F9-794F-86DD-5C05FA83D4AD}.Debug|Win32.Build.0 = Debug|Win32
		{A9C98785-87F9-794F-86DD-5C05FA83D4AD}.Release|Win32.ActiveCfg = Release|Win32
		{A9C98785-87F9-794F-86DD-5C05FA83D4AD}.Release|Win32.Build.0 = Release|Win32
		{BB6EED76-9171-5742-9C1B-03318B4A3FF9}.Debug|Win32.ActiveCfg = Debug|Win32
		{BB6EED76-9171-5742-9C1B-03318B4A3FF9}.Debug|Win32.Build.0 = Debug|Win32
		{BB6EED76-9171-5742-9C1B-03318B4A3FF9}.Release|Win32.ActiveCfg = Release|Win32
		{BB6EED76-9171-5742-9C1B-03318B4A3FF9}.Release|Win32.Build.0 = Release|Win32
	EndGlobalSection
	GlobalSection(SolutionProperties) = preSolution
		HideSolutionNode = FALSE
	EndGlobalSection
EndGlobal
