
Microsoft Visual Studio Solution File, Format Version 11.00
# Visual Studio 2010
Project("{8BC9CEB8-8B4A-11D0-8D11-00A0C91BC942}") = "CharacterControl-win32d3d9", "CharacterControl\CharacterControl-win32d3d9.vcxproj", "{2EB1A255-1D01-8B41-BD13-548FC1904F32}"
	ProjectSection(ProjectDependencies) = postProject
		{A38F0754-6930-4B43-B431-63C50A253CD0} = {A38F0754-6930-4B43-B431-63C50A253CD0}
		{677E876B-03AF-C34F-8F12-A9E0852F0952} = {677E876B-03AF-C34F-8F12-A9E0852F0952}
		{31E26FC1-FAC9-7247-92C6-08D621D3DC71} = {31E26FC1-FAC9-7247-92C6-08D621D3DC71}
	EndProjectSection
EndProject
Project("{8BC9CEB8-8B4A-11D0-8D11-00A0C91BC942}") = "lua_dist-win32d3d9", "lua_dist\lua_dist-win32d3d9.vcxproj", "{A38F0754-6930-4B43-B431-63C50A253CD0}"
EndProject
Project("{8BC9CEB8-8B4A-11D0-8D11-00A0C91BC942}") = "luasocket_dist-win32d3d9", "luasocket_dist\luasocket_dist-win32d3d9.vcxproj", "{677E876B-03AF-C34F-8F12-A9E0852F0952}"
EndProject
Project("{8BC9CEB8-8B4A-11D0-8D11-00A0C91BC942}") = "PrimeEngine-win32d3d9", "PrimeEngine\PrimeEngine-win32d3d9.vcxproj", "{31E26FC1-FAC9-7247-92C6-08D621D3DC71}"
EndProject
Global
	GlobalSection(SolutionConfigurationPlatforms) = preSolution
		Debug|Win32 = Debug|Win32
		Release|Win32 = Release|Win32
	EndGlobalSection
	GlobalSection(ProjectConfigurationPlatforms) = postSolution
		{2EB1A255-1D01-8B41-BD13-548FC1904F32}.Debug|Win32.ActiveCfg = Debug|Win32
		{2EB1A255-1D01-8B41-BD13-548FC1904F32}.Debug|Win32.Build.0 = Debug|Win32
		{2EB1A255-1D01-8B41-BD13-548FC1904F32}.Release|Win32.ActiveCfg = Release|Win32
		{2EB1A255-1D01-8B41-BD13-548FC1904F32}.Release|Win32.Build.0 = Release|Win32
		{A38F0754-6930-4B43-B431-63C50A253CD0}.Debug|Win32.ActiveCfg = Debug|Win32
		{A38F0754-6930-4B43-B431-63C50A253CD0}.Debug|Win32.Build.0 = Debug|Win32
		{A38F0754-6930-4B43-B431-63C50A253CD0}.Release|Win32.ActiveCfg = Release|Win32
		{A38F0754-6930-4B43-B431-63C50A253CD0}.Release|Win32.Build.0 = Release|Win32
		{677E876B-03AF-C34F-8F12-A9E0852F0952}.Debug|Win32.ActiveCfg = Debug|Win32
		{677E876B-03AF-C34F-8F12-A9E0852F0952}.Debug|Win32.Build.0 = Debug|Win32
		{677E876B-03AF-C34F-8F12-A9E0852F0952}.Release|Win32.ActiveCfg = Release|Win32
		{677E876B-03AF-C34F-8F12-A9E0852F0952}.Release|Win32.Build.0 = Release|Win32
		{31E26FC1-FAC9-7247-92C6-08D621D3DC71}.Debug|Win32.ActiveCfg = Debug|Win32
		{31E26FC1-FAC9-7247-92C6-08D621D3DC71}.Debug|Win32.Build.0 = Debug|Win32
		{31E26FC1-FAC9-7247-92C6-08D621D3DC71}.Release|Win32.ActiveCfg = Release|Win32
		{31E26FC1-FAC9-7247-92C6-08D621D3DC71}.Release|Win32.Build.0 = Release|Win32
	EndGlobalSection
	GlobalSection(SolutionProperties) = preSolution
		HideSolutionNode = FALSE
	EndGlobalSection
EndGlobal
